// !$*UTF8*$!
{
	archiveVersion = 1;
	classes = {
	};
	objectVersion = 77;
	objects = {

/* Begin PBXBuildFile section */
		00CD9BA02D70973E00B932D6 /* Localizable.strings in Resources */ = {isa = PBXBuildFile; fileRef = 00CD9B9E2D70973E00B932D6 /* Localizable.strings */; };
		CDE0F6D22D8946F30059ECA9 /* Assets.xcassets in Resources */ = {isa = PBXBuildFile; fileRef = CDE0F6D12D8946F30059ECA9 /* Assets.xcassets */; };
		CDE0F6D32D8946F30059ECA9 /* Assets.xcassets in Resources */ = {isa = PBXBuildFile; fileRef = CDE0F6D12D8946F30059ECA9 /* Assets.xcassets */; };
		CDE0F6D42D8946F30059ECA9 /* Assets.xcassets in Resources */ = {isa = PBXBuildFile; fileRef = CDE0F6D12D8946F30059ECA9 /* Assets.xcassets */; };
/* End PBXBuildFile section */

/* Begin PBXContainerItemProxy section */
		003F0DD12D6373F200EF3FA5 /* PBXContainerItemProxy */ = {
			isa = PBXContainerItemProxy;
			containerPortal = 003F0DB52D6373F100EF3FA5 /* Project object */;
			proxyType = 1;
			remoteGlobalIDString = 003F0DBC2D6373F100EF3FA5;
			remoteInfo = AcceBankDev;
		};
		003F0DDB2D6373F200EF3FA5 /* PBXContainerItemProxy */ = {
			isa = PBXContainerItemProxy;
			containerPortal = 003F0DB52D6373F100EF3FA5 /* Project object */;
			proxyType = 1;
			remoteGlobalIDString = 003F0DBC2D6373F100EF3FA5;
			remoteInfo = AcceBankDev;
		};
/* End PBXContainerItemProxy section */

/* Begin PBXFileReference section */
		003F0DBD2D6373F100EF3FA5 /* AcceBankDev.app */ = {isa = PBXFileReference; explicitFileType = wrapper.application; includeInIndex = 0; path = AcceBankDev.app; sourceTree = BUILT_PRODUCTS_DIR; };
		003F0DD02D6373F200EF3FA5 /* AcceBankDevTests.xctest */ = {isa = PBXFileReference; explicitFileType = wrapper.cfbundle; includeInIndex = 0; path = AcceBankDevTests.xctest; sourceTree = BUILT_PRODUCTS_DIR; };
		003F0DDA2D6373F200EF3FA5 /* AcceBankDevUITests.xctest */ = {isa = PBXFileReference; explicitFileType = wrapper.cfbundle; includeInIndex = 0; path = AcceBankDevUITests.xctest; sourceTree = BUILT_PRODUCTS_DIR; };
		00CD9B9F2D70973E00B932D6 /* en */ = {isa = PBXFileReference; lastKnownFileType = text.plist.strings; name = en; path = en.lproj/Localizable.strings; sourceTree = "<group>"; };
		00CD9BA12D70976B00B932D6 /* fr */ = {isa = PBXFileReference; lastKnownFileType = text.plist.strings; name = fr; path = fr.lproj/Localizable.strings; sourceTree = "<group>"; };
		CDE0F6D12D8946F30059ECA9 /* Assets.xcassets */ = {isa = PBXFileReference; lastKnownFileType = folder.assetcatalog; path = Assets.xcassets; sourceTree = "<group>"; };
/* End PBXFileReference section */

/* Begin PBXFileSystemSynchronizedRootGroup section */
		003F0DBF2D6373F100EF3FA5 /* AcceBankDev */ = {
			isa = PBXFileSystemSynchronizedRootGroup;
			path = AcceBankDev;
			sourceTree = "<group>";
		};
		003F0DD32D6373F200EF3FA5 /* AcceBankDevTests */ = {
			isa = PBXFileSystemSynchronizedRootGroup;
			path = AcceBankDevTests;
			sourceTree = "<group>";
		};
		003F0DDD2D6373F200EF3FA5 /* AcceBankDevUITests */ = {
			isa = PBXFileSystemSynchronizedRootGroup;
			path = AcceBankDevUITests;
			sourceTree = "<group>";
		};
/* End PBXFileSystemSynchronizedRootGroup section */

/* Begin PBXFrameworksBuildPhase section */
		003F0DBA2D6373F100EF3FA5 /* Frameworks */ = {
			isa = PBXFrameworksBuildPhase;
			buildActionMask = 2147483647;
			files = (
			);
			runOnlyForDeploymentPostprocessing = 0;
		};
		003F0DCD2D6373F200EF3FA5 /* Frameworks */ = {
			isa = PBXFrameworksBuildPhase;
			buildActionMask = 2147483647;
			files = (
			);
			runOnlyForDeploymentPostprocessing = 0;
		};
		003F0DD72D6373F200EF3FA5 /* Frameworks */ = {
			isa = PBXFrameworksBuildPhase;
			buildActionMask = 2147483647;
			files = (
			);
			runOnlyForDeploymentPostprocessing = 0;
		};
/* End PBXFrameworksBuildPhase section */

/* Begin PBXGroup section */
		003F0DB42D6373F100EF3FA5 = {
			isa = PBXGroup;
			children = (
				CDE0F6D12D8946F30059ECA9 /* Assets.xcassets */,
				00CD9B9E2D70973E00B932D6 /* Localizable.strings */,
				003F0DBF2D6373F100EF3FA5 /* AcceBankDev */,
				003F0DD32D6373F200EF3FA5 /* AcceBankDevTests */,
				003F0DDD2D6373F200EF3FA5 /* AcceBankDevUITests */,
				003F0DBE2D6373F100EF3FA5 /* Products */,
			);
			sourceTree = "<group>";
		};
		003F0DBE2D6373F100EF3FA5 /* Products */ = {
			isa = PBXGroup;
			children = (
				003F0DBD2D6373F100EF3FA5 /* AcceBankDev.app */,
				003F0DD02D6373F200EF3FA5 /* AcceBankDevTests.xctest */,
				003F0DDA2D6373F200EF3FA5 /* AcceBankDevUITests.xctest */,
			);
			name = Products;
			sourceTree = "<group>";
		};
/* End PBXGroup section */

/* Begin PBXNativeTarget section */
		003F0DBC2D6373F100EF3FA5 /* AcceBankDev */ = {
			isa = PBXNativeTarget;
			buildConfigurationList = 003F0DE42D6373F200EF3FA5 /* Build configuration list for PBXNativeTarget "AcceBankDev" */;
			buildPhases = (
				003F0DB92D6373F100EF3FA5 /* Sources */,
				003F0DBA2D6373F100EF3FA5 /* Frameworks */,
				003F0DBB2D6373F100EF3FA5 /* Resources */,
			);
			buildRules = (
			);
			dependencies = (
			);
			fileSystemSynchronizedGroups = (
				003F0DBF2D6373F100EF3FA5 /* AcceBankDev */,
			);
			name = AcceBankDev;
			packageProductDependencies = (
			);
			productName = AcceBankDev;
			productReference = 003F0DBD2D6373F100EF3FA5 /* AcceBankDev.app */;
			productType = "com.apple.product-type.application";
		};
		003F0DCF2D6373F200EF3FA5 /* AcceBankDevTests */ = {
			isa = PBXNativeTarget;
			buildConfigurationList = 003F0DE72D6373F200EF3FA5 /* Build configuration list for PBXNativeTarget "AcceBankDevTests" */;
			buildPhases = (
				003F0DCC2D6373F200EF3FA5 /* Sources */,
				003F0DCD2D6373F200EF3FA5 /* Frameworks */,
				003F0DCE2D6373F200EF3FA5 /* Resources */,
			);
			buildRules = (
			);
			dependencies = (
				003F0DD22D6373F200EF3FA5 /* PBXTargetDependency */,
			);
			fileSystemSynchronizedGroups = (
				003F0DD32D6373F200EF3FA5 /* AcceBankDevTests */,
			);
			name = AcceBankDevTests;
			packageProductDependencies = (
			);
			productName = AcceBankDevTests;
			productReference = 003F0DD02D6373F200EF3FA5 /* AcceBankDevTests.xctest */;
			productType = "com.apple.product-type.bundle.unit-test";
		};
		003F0DD92D6373F200EF3FA5 /* AcceBankDevUITests */ = {
			isa = PBXNativeTarget;
			buildConfigurationList = 003F0DEA2D6373F200EF3FA5 /* Build configuration list for PBXNativeTarget "AcceBankDevUITests" */;
			buildPhases = (
				003F0DD62D6373F200EF3FA5 /* Sources */,
				003F0DD72D6373F200EF3FA5 /* Frameworks */,
				003F0DD82D6373F200EF3FA5 /* Resources */,
			);
			buildRules = (
			);
			dependencies = (
				003F0DDC2D6373F200EF3FA5 /* PBXTargetDependency */,
			);
			fileSystemSynchronizedGroups = (
				003F0DDD2D6373F200EF3FA5 /* AcceBankDevUITests */,
			);
			name = AcceBankDevUITests;
			packageProductDependencies = (
			);
			productName = AcceBankDevUITests;
			productReference = 003F0DDA2D6373F200EF3FA5 /* AcceBankDevUITests.xctest */;
			productType = "com.apple.product-type.bundle.ui-testing";
		};
/* End PBXNativeTarget section */

/* Begin PBXProject section */
		003F0DB52D6373F100EF3FA5 /* Project object */ = {
			isa = PBXProject;
			attributes = {
				BuildIndependentTargetsInParallel = 1;
				LastSwiftUpdateCheck = 1620;
				LastUpgradeCheck = 1620;
				TargetAttributes = {
					003F0DBC2D6373F100EF3FA5 = {
						CreatedOnToolsVersion = 16.2;
					};
					003F0DCF2D6373F200EF3FA5 = {
						CreatedOnToolsVersion = 16.2;
						TestTargetID = 003F0DBC2D6373F100EF3FA5;
					};
					003F0DD92D6373F200EF3FA5 = {
						CreatedOnToolsVersion = 16.2;
						TestTargetID = 003F0DBC2D6373F100EF3FA5;
					};
				};
			};
			buildConfigurationList = 003F0DB82D6373F100EF3FA5 /* Build configuration list for PBXProject "AcceBankDev" */;
			developmentRegion = en;
			hasScannedForEncodings = 0;
			knownRegions = (
				en,
				fr,
				Base,
			);
			mainGroup = 003F0DB42D6373F100EF3FA5;
			minimizedProjectReferenceProxies = 1;
			packageReferences = (
			);
			preferredProjectObjectVersion = 77;
			productRefGroup = 003F0DBE2D6373F100EF3FA5 /* Products */;
			projectDirPath = "";
			projectRoot = "";
			targets = (
				003F0DBC2D6373F100EF3FA5 /* AcceBankDev */,
				003F0DCF2D6373F200EF3FA5 /* AcceBankDevTests */,
				003F0DD92D6373F200EF3FA5 /* AcceBankDevUITests */,
			);
		};
/* End PBXProject section */

/* Begin PBXResourcesBuildPhase section */
		003F0DBB2D6373F100EF3FA5 /* Resources */ = {
			isa = PBXResourcesBuildPhase;
			buildActionMask = 2147483647;
			files = (
				00CD9BA02D70973E00B932D6 /* Localizable.strings in Resources */,
				CDE0F6D22D8946F30059ECA9 /* Assets.xcassets in Resources */,
			);
			runOnlyForDeploymentPostprocessing = 0;
		};
		003F0DCE2D6373F200EF3FA5 /* Resources */ = {
			isa = PBXResourcesBuildPhase;
			buildActionMask = 2147483647;
			files = (
				CDE0F6D32D8946F30059ECA9 /* Assets.xcassets in Resources */,
			);
			runOnlyForDeploymentPostprocessing = 0;
		};
		003F0DD82D6373F200EF3FA5 /* Resources */ = {
			isa = PBXResourcesBuildPhase;
			buildActionMask = 2147483647;
			files = (
				CDE0F6D42D8946F30059ECA9 /* Assets.xcassets in Resources */,
			);
			runOnlyForDeploymentPostprocessing = 0;
		};
/* End PBXResourcesBuildPhase section */

/* Begin PBXSourcesBuildPhase section */
		003F0DB92D6373F100EF3FA5 /* Sources */ = {
			isa = PBXSourcesBuildPhase;
			buildActionMask = 2147483647;
			files = (
			);
			runOnlyForDeploymentPostprocessing = 0;
		};
		003F0DCC2D6373F200EF3FA5 /* Sources */ = {
			isa = PBXSourcesBuildPhase;
			buildActionMask = 2147483647;
			files = (
			);
			runOnlyForDeploymentPostprocessing = 0;
		};
		003F0DD62D6373F200EF3FA5 /* Sources */ = {
			isa = PBXSourcesBuildPhase;
			buildActionMask = 2147483647;
			files = (
			);
			runOnlyForDeploymentPostprocessing = 0;
		};
/* End PBXSourcesBuildPhase section */

/* Begin PBXTargetDependency section */
		003F0DD22D6373F200EF3FA5 /* PBXTargetDependency */ = {
			isa = PBXTargetDependency;
			target = 003F0DBC2D6373F100EF3FA5 /* AcceBankDev */;
			targetProxy = 003F0DD12D6373F200EF3FA5 /* PBXContainerItemProxy */;
		};
		003F0DDC2D6373F200EF3FA5 /* PBXTargetDependency */ = {
			isa = PBXTargetDependency;
			target = 003F0DBC2D6373F100EF3FA5 /* AcceBankDev */;
			targetProxy = 003F0DDB2D6373F200EF3FA5 /* PBXContainerItemProxy */;
		};
/* End PBXTargetDependency section */

/* Begin PBXVariantGroup section */
		00CD9B9E2D70973E00B932D6 /* Localizable.strings */ = {
			isa = PBXVariantGroup;
			children = (
				00CD9B9F2D70973E00B932D6 /* en */,
				00CD9BA12D70976B00B932D6 /* fr */,
			);
			name = Localizable.strings;
			sourceTree = "<group>";
		};
/* End PBXVariantGroup section */

/* Begin XCBuildConfiguration section */
		003F0DE22D6373F200EF3FA5 /* Debug */ = {
			isa = XCBuildConfiguration;
			buildSettings = {
				ALWAYS_SEARCH_USER_PATHS = NO;
				ASSETCATALOG_COMPILER_GENERATE_SWIFT_ASSET_SYMBOL_EXTENSIONS = YES;
				CLANG_ANALYZER_NONNULL = YES;
				CLANG_ANALYZER_NUMBER_OBJECT_CONVERSION = YES_AGGRESSIVE;
				CLANG_CXX_LANGUAGE_STANDARD = "gnu++20";
				CLANG_ENABLE_MODULES = YES;
				CLANG_ENABLE_OBJC_ARC = YES;
				CLANG_ENABLE_OBJC_WEAK = YES;
				CLANG_WARN_BLOCK_CAPTURE_AUTORELEASING = YES;
				CLANG_WARN_BOOL_CONVERSION = YES;
				CLANG_WARN_COMMA = YES;
				CLANG_WARN_CONSTANT_CONVERSION = YES;
				CLANG_WARN_DEPRECATED_OBJC_IMPLEMENTATIONS = YES;
				CLANG_WARN_DIRECT_OBJC_ISA_USAGE = YES_ERROR;
				CLANG_WARN_DOCUMENTATION_COMMENTS = YES;
				CLANG_WARN_EMPTY_BODY = YES;
				CLANG_WARN_ENUM_CONVERSION = YES;
				CLANG_WARN_INFINITE_RECURSION = YES;
				CLANG_WARN_INT_CONVERSION = YES;
				CLANG_WARN_NON_LITERAL_NULL_CONVERSION = YES;
				CLANG_WARN_OBJC_IMPLICIT_RETAIN_SELF = YES;
				CLANG_WARN_OBJC_LITERAL_CONVERSION = YES;
				CLANG_WARN_OBJC_ROOT_CLASS = YES_ERROR;
				CLANG_WARN_QUOTED_INCLUDE_IN_FRAMEWORK_HEADER = YES;
				CLANG_WARN_RANGE_LOOP_ANALYSIS = YES;
				CLANG_WARN_STRICT_PROTOTYPES = YES;
				CLANG_WARN_SUSPICIOUS_MOVE = YES;
				CLANG_WARN_UNGUARDED_AVAILABILITY = YES_AGGRESSIVE;
				CLANG_WARN_UNREACHABLE_CODE = YES;
				CLANG_WARN__DUPLICATE_METHOD_MATCH = YES;
				COPY_PHASE_STRIP = NO;
				DEBUG_INFORMATION_FORMAT = dwarf;
				ENABLE_STRICT_OBJC_MSGSEND = YES;
				ENABLE_TESTABILITY = YES;
				ENABLE_USER_SCRIPT_SANDBOXING = YES;
				GCC_C_LANGUAGE_STANDARD = gnu17;
				GCC_DYNAMIC_NO_PIC = NO;
				GCC_NO_COMMON_BLOCKS = YES;
				GCC_OPTIMIZATION_LEVEL = 0;
				GCC_PREPROCESSOR_DEFINITIONS = (
					"DEBUG=1",
					"$(inherited)",
				);
				GCC_WARN_64_TO_32_BIT_CONVERSION = YES;
				GCC_WARN_ABOUT_RETURN_TYPE = YES_ERROR;
				GCC_WARN_UNDECLARED_SELECTOR = YES;
				GCC_WARN_UNINITIALIZED_AUTOS = YES_AGGRESSIVE;
				GCC_WARN_UNUSED_FUNCTION = YES;
				GCC_WARN_UNUSED_VARIABLE = YES;
				LOCALIZATION_PREFERS_STRING_CATALOGS = YES;
				MTL_ENABLE_DEBUG_INFO = INCLUDE_SOURCE;
				MTL_FAST_MATH = YES;
				NEW_SETTING = "";
				ONLY_ACTIVE_ARCH = YES;
				SWIFT_ACTIVE_COMPILATION_CONDITIONS = "DEBUG $(inherited)";
				SWIFT_OPTIMIZATION_LEVEL = "-Onone";
			};
			name = Debug;
		};
		003F0DE32D6373F200EF3FA5 /* Release */ = {
			isa = XCBuildConfiguration;
			buildSettings = {
				ALWAYS_SEARCH_USER_PATHS = NO;
				ASSETCATALOG_COMPILER_GENERATE_SWIFT_ASSET_SYMBOL_EXTENSIONS = YES;
				CLANG_ANALYZER_NONNULL = YES;
				CLANG_ANALYZER_NUMBER_OBJECT_CONVERSION = YES_AGGRESSIVE;
				CLANG_CXX_LANGUAGE_STANDARD = "gnu++20";
				CLANG_ENABLE_MODULES = YES;
				CLANG_ENABLE_OBJC_ARC = YES;
				CLANG_ENABLE_OBJC_WEAK = YES;
				CLANG_WARN_BLOCK_CAPTURE_AUTORELEASING = YES;
				CLANG_WARN_BOOL_CONVERSION = YES;
				CLANG_WARN_COMMA = YES;
				CLANG_WARN_CONSTANT_CONVERSION = YES;
				CLANG_WARN_DEPRECATED_OBJC_IMPLEMENTATIONS = YES;
				CLANG_WARN_DIRECT_OBJC_ISA_USAGE = YES_ERROR;
				CLANG_WARN_DOCUMENTATION_COMMENTS = YES;
				CLANG_WARN_EMPTY_BODY = YES;
				CLANG_WARN_ENUM_CONVERSION = YES;
				CLANG_WARN_INFINITE_RECURSION = YES;
				CLANG_WARN_INT_CONVERSION = YES;
				CLANG_WARN_NON_LITERAL_NULL_CONVERSION = YES;
				CLANG_WARN_OBJC_IMPLICIT_RETAIN_SELF = YES;
				CLANG_WARN_OBJC_LITERAL_CONVERSION = YES;
				CLANG_WARN_OBJC_ROOT_CLASS = YES_ERROR;
				CLANG_WARN_QUOTED_INCLUDE_IN_FRAMEWORK_HEADER = YES;
				CLANG_WARN_RANGE_LOOP_ANALYSIS = YES;
				CLANG_WARN_STRICT_PROTOTYPES = YES;
				CLANG_WARN_SUSPICIOUS_MOVE = YES;
				CLANG_WARN_UNGUARDED_AVAILABILITY = YES_AGGRESSIVE;
				CLANG_WARN_UNREACHABLE_CODE = YES;
				CLANG_WARN__DUPLICATE_METHOD_MATCH = YES;
				COPY_PHASE_STRIP = NO;
				DEBUG_INFORMATION_FORMAT = "dwarf-with-dsym";
				ENABLE_NS_ASSERTIONS = NO;
				ENABLE_STRICT_OBJC_MSGSEND = YES;
				ENABLE_USER_SCRIPT_SANDBOXING = YES;
				GCC_C_LANGUAGE_STANDARD = gnu17;
				GCC_NO_COMMON_BLOCKS = YES;
				GCC_WARN_64_TO_32_BIT_CONVERSION = YES;
				GCC_WARN_ABOUT_RETURN_TYPE = YES_ERROR;
				GCC_WARN_UNDECLARED_SELECTOR = YES;
				GCC_WARN_UNINITIALIZED_AUTOS = YES_AGGRESSIVE;
				GCC_WARN_UNUSED_FUNCTION = YES;
				GCC_WARN_UNUSED_VARIABLE = YES;
				LOCALIZATION_PREFERS_STRING_CATALOGS = YES;
				MTL_ENABLE_DEBUG_INFO = NO;
				MTL_FAST_MATH = YES;
				NEW_SETTING = "";
				SWIFT_COMPILATION_MODE = wholemodule;
			};
			name = Release;
		};
		003F0DE52D6373F200EF3FA5 /* Debug */ = {
			isa = XCBuildConfiguration;
			buildSettings = {
				ASSETCATALOG_COMPILER_APPICON_NAME = AppIcon;
				ASSETCATALOG_COMPILER_GLOBAL_ACCENT_COLOR_NAME = AccentColor;
				CODE_SIGN_ENTITLEMENTS = AcceBankDev/AcceBankDev.entitlements;
				CODE_SIGN_IDENTITY = "Apple Development";
				CODE_SIGN_STYLE = Automatic;
				CURRENT_PROJECT_VERSION = 1;
				DEVELOPMENT_ASSET_PATHS = "\"AcceBankDev/Preview Content\"";
				DEVELOPMENT_TEAM = YWL2QQB65F;
				ENABLE_HARDENED_RUNTIME = YES;
				ENABLE_PREVIEWS = YES;
				GENERATE_INFOPLIST_FILE = YES;
				INFOPLIST_KEY_CFBundleDisplayName = "AcceInfo Bank";
				INFOPLIST_KEY_NSFaceIDUsageDescription = "I want to use this to do sign in";
				"INFOPLIST_KEY_UIApplicationSceneManifest_Generation[sdk=iphoneos*]" = YES;
				"INFOPLIST_KEY_UIApplicationSupportsIndirectInputEvents[sdk=iphoneos*]" = YES;
				"INFOPLIST_KEY_UIApplicationSupportsIndirectInputEvents[sdk=iphonesimulator*]" = YES;
				"INFOPLIST_KEY_UILaunchScreen_Generation[sdk=iphoneos*]" = YES;
				"INFOPLIST_KEY_UILaunchScreen_Generation[sdk=iphonesimulator*]" = YES;
				"INFOPLIST_KEY_UIStatusBarStyle[sdk=iphoneos*]" = UIStatusBarStyleDefault;
				"INFOPLIST_KEY_UIStatusBarStyle[sdk=iphonesimulator*]" = UIStatusBarStyleDefault;
				INFOPLIST_KEY_UISupportedInterfaceOrientations_iPad = "UIInterfaceOrientationPortrait UIInterfaceOrientationPortraitUpsideDown UIInterfaceOrientationLandscapeLeft UIInterfaceOrientationLandscapeRight";
				INFOPLIST_KEY_UISupportedInterfaceOrientations_iPhone = "UIInterfaceOrientationPortrait UIInterfaceOrientationLandscapeLeft UIInterfaceOrientationLandscapeRight";
				INFOPLIST_KEY_WKRunsIndependentlyOfCompanionApp = NO;
				IPHONEOS_DEPLOYMENT_TARGET = 18.2;
				LD_RUNPATH_SEARCH_PATHS = "@executable_path/Frameworks";
				"LD_RUNPATH_SEARCH_PATHS[sdk=macosx*]" = "@executable_path/../Frameworks";
				MACOSX_DEPLOYMENT_TARGET = 14.0;
				MARKETING_VERSION = 1.0;
				NEW_SETTING = "";
				PRODUCT_BUNDLE_IDENTIFIER = mct.AcceBankDevKhushi;
				PRODUCT_NAME = "$(TARGET_NAME)";
				PROVISIONING_PROFILE_SPECIFIER = "";
				SDKROOT = auto;
				SUPPORTED_PLATFORMS = "iphoneos iphonesimulator macosx xros xrsimulator";
				SWIFT_EMIT_LOC_STRINGS = YES;
				SWIFT_VERSION = 5.0;
				TARGETED_DEVICE_FAMILY = "1,2,7";
				XROS_DEPLOYMENT_TARGET = 2.2;
			};
			name = Debug;
		};
		003F0DE62D6373F200EF3FA5 /* Release */ = {
			isa = XCBuildConfiguration;
			buildSettings = {
				ASSETCATALOG_COMPILER_APPICON_NAME = AppIcon;
				ASSETCATALOG_COMPILER_GLOBAL_ACCENT_COLOR_NAME = AccentColor;
				CODE_SIGN_ENTITLEMENTS = AcceBankDev/AcceBankDev.entitlements;
				CODE_SIGN_IDENTITY = "Apple Development";
				CODE_SIGN_STYLE = Automatic;
				CURRENT_PROJECT_VERSION = 1;
				DEVELOPMENT_ASSET_PATHS = "\"AcceBankDev/Preview Content\"";
				DEVELOPMENT_TEAM = YWL2QQB65F;
				ENABLE_HARDENED_RUNTIME = YES;
				ENABLE_PREVIEWS = YES;
				GENERATE_INFOPLIST_FILE = YES;
				INFOPLIST_KEY_CFBundleDisplayName = "AcceInfo Bank";
				INFOPLIST_KEY_NSFaceIDUsageDescription = "I want to use this to do sign in";
				"INFOPLIST_KEY_UIApplicationSceneManifest_Generation[sdk=iphoneos*]" = YES;
				"INFOPLIST_KEY_UIApplicationSceneManifest_Generation[sdk=iphonesimulator*]" = YES;
				"INFOPLIST_KEY_UIApplicationSupportsIndirectInputEvents[sdk=iphoneos*]" = YES;
				"INFOPLIST_KEY_UIApplicationSupportsIndirectInputEvents[sdk=iphonesimulator*]" = YES;
				"INFOPLIST_KEY_UILaunchScreen_Generation[sdk=iphoneos*]" = YES;
				"INFOPLIST_KEY_UILaunchScreen_Generation[sdk=iphonesimulator*]" = YES;
				"INFOPLIST_KEY_UIStatusBarStyle[sdk=iphoneos*]" = UIStatusBarStyleDefault;
				INFOPLIST_KEY_UISupportedInterfaceOrientations_iPad = "UIInterfaceOrientationPortrait UIInterfaceOrientationPortraitUpsideDown UIInterfaceOrientationLandscapeLeft UIInterfaceOrientationLandscapeRight";
				INFOPLIST_KEY_UISupportedInterfaceOrientations_iPhone = "UIInterfaceOrientationPortrait UIInterfaceOrientationLandscapeLeft UIInterfaceOrientationLandscapeRight";
				INFOPLIST_KEY_WKRunsIndependentlyOfCompanionApp = NO;
				IPHONEOS_DEPLOYMENT_TARGET = 18.2;
				LD_RUNPATH_SEARCH_PATHS = "@executable_path/Frameworks";
				"LD_RUNPATH_SEARCH_PATHS[sdk=macosx*]" = "@executable_path/../Frameworks";
				MACOSX_DEPLOYMENT_TARGET = 14.0;
				MARKETING_VERSION = 1.0;
				NEW_SETTING = "";
				PRODUCT_BUNDLE_IDENTIFIER = mct.AcceBankDevKhushi;
				PRODUCT_NAME = "$(TARGET_NAME)";
				PROVISIONING_PROFILE_SPECIFIER = "";
				SDKROOT = auto;
				SUPPORTED_PLATFORMS = "iphoneos iphonesimulator macosx xros xrsimulator";
				SWIFT_EMIT_LOC_STRINGS = YES;
				SWIFT_VERSION = 5.0;
				TARGETED_DEVICE_FAMILY = "1,2,7";
				XROS_DEPLOYMENT_TARGET = 2.2;
			};
			name = Release;
		};
		003F0DE82D6373F200EF3FA5 /* Debug */ = {
			isa = XCBuildConfiguration;
			buildSettings = {
				BUNDLE_LOADER = "$(TEST_HOST)";
				CODE_SIGN_STYLE = Automatic;
				CURRENT_PROJECT_VERSION = 1;
				DEVELOPMENT_TEAM = YWL2QQB65F;
				GENERATE_INFOPLIST_FILE = YES;
				IPHONEOS_DEPLOYMENT_TARGET = 18.2;
				MACOSX_DEPLOYMENT_TARGET = 15.2;
				MARKETING_VERSION = 1.0;
				PRODUCT_BUNDLE_IDENTIFIER = mct.AcceBankDevTests;
				PRODUCT_NAME = "$(TARGET_NAME)";
				SDKROOT = auto;
				SUPPORTED_PLATFORMS = "iphoneos iphonesimulator macosx xros xrsimulator";
				SWIFT_EMIT_LOC_STRINGS = NO;
				SWIFT_VERSION = 5.0;
				TARGETED_DEVICE_FAMILY = "1,2,7";
				TEST_HOST = "$(BUILT_PRODUCTS_DIR)/AcceBankDev.app/$(BUNDLE_EXECUTABLE_FOLDER_PATH)/AcceBankDev";
				XROS_DEPLOYMENT_TARGET = 2.2;
			};
			name = Debug;
		};
		003F0DE92D6373F200EF3FA5 /* Release */ = {
			isa = XCBuildConfiguration;
			buildSettings = {
				BUNDLE_LOADER = "$(TEST_HOST)";
				CODE_SIGN_STYLE = Automatic;
				CURRENT_PROJECT_VERSION = 1;
				DEVELOPMENT_TEAM = YWL2QQB65F;
				GENERATE_INFOPLIST_FILE = YES;
				IPHONEOS_DEPLOYMENT_TARGET = 18.2;
				MACOSX_DEPLOYMENT_TARGET = 15.2;
				MARKETING_VERSION = 1.0;
				PRODUCT_BUNDLE_IDENTIFIER = mct.AcceBankDevTests;
				PRODUCT_NAME = "$(TARGET_NAME)";
				SDKROOT = auto;
				SUPPORTED_PLATFORMS = "iphoneos iphonesimulator macosx xros xrsimulator";
				SWIFT_EMIT_LOC_STRINGS = NO;
				SWIFT_VERSION = 5.0;
				TARGETED_DEVICE_FAMILY = "1,2,7";
				TEST_HOST = "$(BUILT_PRODUCTS_DIR)/AcceBankDev.app/$(BUNDLE_EXECUTABLE_FOLDER_PATH)/AcceBankDev";
				XROS_DEPLOYMENT_TARGET = 2.2;
			};
			name = Release;
		};
		003F0DEB2D6373F200EF3FA5 /* Debug */ = {
			isa = XCBuildConfiguration;
			buildSettings = {
				CODE_SIGN_STYLE = Automatic;
				CURRENT_PROJECT_VERSION = 1;
				DEVELOPMENT_TEAM = YWL2QQB65F;
				GENERATE_INFOPLIST_FILE = YES;
				IPHONEOS_DEPLOYMENT_TARGET = 18.2;
				MACOSX_DEPLOYMENT_TARGET = 15.2;
				MARKETING_VERSION = 1.0;
				PRODUCT_BUNDLE_IDENTIFIER = mct.AcceBankDevUITests;
				PRODUCT_NAME = "$(TARGET_NAME)";
				SDKROOT = auto;
				SUPPORTED_PLATFORMS = "iphoneos iphonesimulator macosx xros xrsimulator";
				SWIFT_EMIT_LOC_STRINGS = NO;
				SWIFT_VERSION = 5.0;
				TARGETED_DEVICE_FAMILY = "1,2,7";
				TEST_TARGET_NAME = AcceBankDev;
				XROS_DEPLOYMENT_TARGET = 2.2;
			};
			name = Debug;
		};
		003F0DEC2D6373F200EF3FA5 /* Release */ = {
			isa = XCBuildConfiguration;
			buildSettings = {
				CODE_SIGN_STYLE = Automatic;
				CURRENT_PROJECT_VERSION = 1;
				DEVELOPMENT_TEAM = YWL2QQB65F;
				GENERATE_INFOPLIST_FILE = YES;
				IPHONEOS_DEPLOYMENT_TARGET = 18.2;
				MACOSX_DEPLOYMENT_TARGET = 15.2;
				MARKETING_VERSION = 1.0;
				PRODUCT_BUNDLE_IDENTIFIER = mct.AcceBankDevUITests;
				PRODUCT_NAME = "$(TARGET_NAME)";
				SDKROOT = auto;
				SUPPORTED_PLATFORMS = "iphoneos iphonesimulator macosx xros xrsimulator";
				SWIFT_EMIT_LOC_STRINGS = NO;
				SWIFT_VERSION = 5.0;
				TARGETED_DEVICE_FAMILY = "1,2,7";
				TEST_TARGET_NAME = AcceBankDev;
				XROS_DEPLOYMENT_TARGET = 2.2;
			};
			name = Release;
		};
/* End XCBuildConfiguration section */

/* Begin XCConfigurationList section */
		003F0DB82D6373F100EF3FA5 /* Build configuration list for PBXProject "AcceBankDev" */ = {
			isa = XCConfigurationList;
			buildConfigurations = (
				003F0DE22D6373F200EF3FA5 /* Debug */,
				003F0DE32D6373F200EF3FA5 /* Release */,
			);
			defaultConfigurationIsVisible = 0;
			defaultConfigurationName = Release;
		};
		003F0DE42D6373F200EF3FA5 /* Build configuration list for PBXNativeTarget "AcceBankDev" */ = {
			isa = XCConfigurationList;
			buildConfigurations = (
				003F0DE52D6373F200EF3FA5 /* Debug */,
				003F0DE62D6373F200EF3FA5 /* Release */,
			);
			defaultConfigurationIsVisible = 0;
			defaultConfigurationName = Release;
		};
		003F0DE72D6373F200EF3FA5 /* Build configuration list for PBXNativeTarget "AcceBankDevTests" */ = {
			isa = XCConfigurationList;
			buildConfigurations = (
				003F0DE82D6373F200EF3FA5 /* Debug */,
				003F0DE92D6373F200EF3FA5 /* Release */,
			);
			defaultConfigurationIsVisible = 0;
			defaultConfigurationName = Release;
		};
		003F0DEA2D6373F200EF3FA5 /* Build configuration list for PBXNativeTarget "AcceBankDevUITests" */ = {
			isa = XCConfigurationList;
			buildConfigurations = (
				003F0DEB2D6373F200EF3FA5 /* Debug */,
				003F0DEC2D6373F200EF3FA5 /* Release */,
			);
			defaultConfigurationIsVisible = 0;
			defaultConfigurationName = Release;
		};
/* End XCConfigurationList section */
	};
	rootObject = 003F0DB52D6373F100EF3FA5 /* Project object */;
}
